
Microsoft Visual Studio Solution File, Format Version 12.00
# Visual Studio Version 17
VisualStudioVersion = 17.1.32407.343
MinimumVisualStudioVersion = 10.0.40219.1
Project("{9A19103F-16F7-4668-BE54-9A1E7A4F7556}") = "GenericWebAppWpfWrapper", "GenericWebAppWpfWrapper\GenericWebAppWpfWrapper.csproj", "{BAE4906B-99A1-4C3B-AB8D-3105823B3C01}"
EndProject
Project("{2150E333-8FDC-42A3-9474-1A3956D46DE8}") = "Doc", "Doc", "{DFC1801D-F28A-4192-847E-379D24246310}"
	ProjectSection(SolutionItems) = preProject
		README.md = README.md
	EndProjectSection
EndProject
Project("{2150E333-8FDC-42A3-9474-1A3956D46DE8}") = "Examples", "Examples", "{02EA681E-C7D8-13C7-8484-4AC65E1B71E8}"
	ProjectSection(SolutionItems) = preProject
		..\..\..\..\Users\Beej\OneDrive - PERK\bin\GenericWebAppWpfWrapper\bin\GenericWebAppWpfWrapper.exe = ..\..\..\..\Users\Beej\OneDrive - PERK\bin\GenericWebAppWpfWrapper\bin\GenericWebAppWpfWrapper.exe
		Examples\Gmail.js = Examples\Gmail.js
		Examples\GoogleChat.js = Examples\GoogleChat.js
		Examples\GoogleVoice.js = Examples\GoogleVoice.js
		Examples\Immersed.js = Examples\Immersed.js
		Examples\MSTeams.js = Examples\MSTeams.js
		Examples\README.md = Examples\README.md
		Examples\VipLeague.js = Examples\VipLeague.js
		Examples\WhatsApp.js = Examples\WhatsApp.js
	EndProjectSection
EndProject
Project("{2150E333-8FDC-42A3-9474-1A3956D46DE8}") = "icons", "icons", "{31F5438E-62CA-40E1-A79E-B57C8B8FD359}"
	ProjectSection(SolutionItems) = preProject
		Examples\icons\Gmail.ico = Examples\icons\Gmail.ico
		Examples\icons\Gmail.png = Examples\icons\Gmail.png
		Examples\icons\GoogleChat.ico = Examples\icons\GoogleChat.ico
		Examples\icons\GoogleVoice.ico = Examples\icons\GoogleVoice.ico
		Examples\icons\GoogleVoice.png = Examples\icons\GoogleVoice.png
		Examples\icons\Immersed.ico = Examples\icons\Immersed.ico
		Examples\icons\Immersed.webp = Examples\icons\Immersed.webp
		Examples\icons\KeeWeb.png = Examples\icons\KeeWeb.png
		Examples\icons\MSTeams.ico = Examples\icons\MSTeams.ico
		Examples\icons\NPR.ico = Examples\icons\NPR.ico
		Examples\icons\NPR.jpg = Examples\icons\NPR.jpg
		Examples\icons\VipLeague.ico = Examples\icons\VipLeague.ico
		Examples\icons\WhatsApp.ico = Examples\icons\WhatsApp.ico
		Examples\icons\YouTubeMusic.ico = Examples\icons\YouTubeMusic.ico
		Examples\icons\YouTubeMusic.png = Examples\icons\YouTubeMusic.png
	EndProjectSection
EndProject
Global
	GlobalSection(SolutionConfigurationPlatforms) = preSolution
		Debug|Any CPU = Debug|Any CPU
		Release|Any CPU = Release|Any CPU
	EndGlobalSection
	GlobalSection(ProjectConfigurationPlatforms) = postSolution
		{BAE4906B-99A1-4C3B-AB8D-3105823B3C01}.Debug|Any CPU.ActiveCfg = Debug|Any CPU
		{BAE4906B-99A1-4C3B-AB8D-3105823B3C01}.Debug|Any CPU.Build.0 = Debug|Any CPU
		{BAE4906B-99A1-4C3B-AB8D-3105823B3C01}.Release|Any CPU.ActiveCfg = Release|Any CPU
		{BAE4906B-99A1-4C3B-AB8D-3105823B3C01}.Release|Any CPU.Build.0 = Release|Any CPU
	EndGlobalSection
	GlobalSection(SolutionProperties) = preSolution
		HideSolutionNode = FALSE
	EndGlobalSection
	GlobalSection(NestedProjects) = preSolution
		{31F5438E-62CA-40E1-A79E-B57C8B8FD359} = {02EA681E-C7D8-13C7-8484-4AC65E1B71E8}
	EndGlobalSection
	GlobalSection(ExtensibilityGlobals) = postSolution
		SolutionGuid = {306137FA-840C-4285-B918-B2791AA4A9BD}
	EndGlobalSection
EndGlobal
